
Microsoft Visual Studio Solution File, Format Version 12.00
# Visual Studio Version 17
VisualStudioVersion = 17.9.34728.123
MinimumVisualStudioVersion = 10.0.40219.1
Project("{9A19103F-16F7-4668-BE54-9A1E7A4F7556}") = "SalaryEngine", "SalaryEngine\SalaryEngine.csproj", "{A204E85C-7215-4023-B878-3DCE52A74B4C}"
EndProject
Project("{9A19103F-16F7-4668-BE54-9A1E7A4F7556}") = "ApiGateway", "ApiGateway\ApiGateway.csproj", "{126CB359-DEF6-4AF7-805E-555E7D8A49E7}"
EndProject
Project("{9A19103F-16F7-4668-BE54-9A1E7A4F7556}") = "BackForFront", "BackForFront\BackForFront.csproj", "{3FE2A5DE-0535-4110-8BC9-D9E04924A8BF}"
EndProject
Project("{9A19103F-16F7-4668-BE54-9A1E7A4F7556}") = "LedgerMicroservice", "LedgerMicroservice\LedgerMicroservice.csproj", "{D0440454-6B6F-4F15-9A35-CE8AB855CF72}"
EndProject
Project("{9A19103F-16F7-4668-BE54-9A1E7A4F7556}") = "AuthMicroservice", "AuthMicroservice\AuthMicroservice.csproj", "{C1F51F94-660D-4AC6-9FA7-F442E0F61E63}"
EndProject
Project("{FAE04EC0-301F-11D3-BF4B-00C04F79EFBC}") = "UnitTests_LedgerMicroservice", "UnitTests_LedgerMicroservice\UnitTests_LedgerMicroservice.csproj", "{3B1A93E2-7DFC-42E4-AFC8-4DDC3C6F4090}"
EndProject
Global
	GlobalSection(SolutionConfigurationPlatforms) = preSolution
		Debug|Any CPU = Debug|Any CPU
		Release|Any CPU = Release|Any CPU
	EndGlobalSection
	GlobalSection(ProjectConfigurationPlatforms) = postSolution
		{A204E85C-7215-4023-B878-3DCE52A74B4C}.Debug|Any CPU.ActiveCfg = Debug|Any CPU
		{A204E85C-7215-4023-B878-3DCE52A74B4C}.Debug|Any CPU.Build.0 = Debug|Any CPU
		{A204E85C-7215-4023-B878-3DCE52A74B4C}.Release|Any CPU.ActiveCfg = Release|Any CPU
		{A204E85C-7215-4023-B878-3DCE52A74B4C}.Release|Any CPU.Build.0 = Release|Any CPU
		{126CB359-DEF6-4AF7-805E-555E7D8A49E7}.Debug|Any CPU.ActiveCfg = Debug|Any CPU
		{126CB359-DEF6-4AF7-805E-555E7D8A49E7}.Debug|Any CPU.Build.0 = Debug|Any CPU
		{126CB359-DEF6-4AF7-805E-555E7D8A49E7}.Release|Any CPU.ActiveCfg = Release|Any CPU
		{126CB359-DEF6-4AF7-805E-555E7D8A49E7}.Release|Any CPU.Build.0 = Release|Any CPU
		{3FE2A5DE-0535-4110-8BC9-D9E04924A8BF}.Debug|Any CPU.ActiveCfg = Debug|Any CPU
		{3FE2A5DE-0535-4110-8BC9-D9E04924A8BF}.Debug|Any CPU.Build.0 = Debug|Any CPU
		{3FE2A5DE-0535-4110-8BC9-D9E04924A8BF}.Release|Any CPU.ActiveCfg = Release|Any CPU
		{3FE2A5DE-0535-4110-8BC9-D9E04924A8BF}.Release|Any CPU.Build.0 = Release|Any CPU
		{D0440454-6B6F-4F15-9A35-CE8AB855CF72}.Debug|Any CPU.ActiveCfg = Debug|Any CPU
		{D0440454-6B6F-4F15-9A35-CE8AB855CF72}.Debug|Any CPU.Build.0 = Debug|Any CPU
		{D0440454-6B6F-4F15-9A35-CE8AB855CF72}.Release|Any CPU.ActiveCfg = Release|Any CPU
		{D0440454-6B6F-4F15-9A35-CE8AB855CF72}.Release|Any CPU.Build.0 = Release|Any CPU
		{C1F51F94-660D-4AC6-9FA7-F442E0F61E63}.Debug|Any CPU.ActiveCfg = Debug|Any CPU
		{C1F51F94-660D-4AC6-9FA7-F442E0F61E63}.Debug|Any CPU.Build.0 = Debug|Any CPU
		{C1F51F94-660D-4AC6-9FA7-F442E0F61E63}.Release|Any CPU.ActiveCfg = Release|Any CPU
		{C1F51F94-660D-4AC6-9FA7-F442E0F61E63}.Release|Any CPU.Build.0 = Release|Any CPU
		{3B1A93E2-7DFC-42E4-AFC8-4DDC3C6F4090}.Debug|Any CPU.ActiveCfg = Debug|Any CPU
		{3B1A93E2-7DFC-42E4-AFC8-4DDC3C6F4090}.Debug|Any CPU.Build.0 = Debug|Any CPU
		{3B1A93E2-7DFC-42E4-AFC8-4DDC3C6F4090}.Release|Any CPU.ActiveCfg = Release|Any CPU
		{3B1A93E2-7DFC-42E4-AFC8-4DDC3C6F4090}.Release|Any CPU.Build.0 = Release|Any CPU
	EndGlobalSection
	GlobalSection(SolutionProperties) = preSolution
		HideSolutionNode = FALSE
	EndGlobalSection
	GlobalSection(ExtensibilityGlobals) = postSolution
		SolutionGuid = {A37BF6D9-E485-42D8-BAE3-2FA66AA41AA7}
	EndGlobalSection
EndGlobal
