
Microsoft Visual Studio Solution File, Format Version 12.00
# Visual Studio Version 17
VisualStudioVersion = 17.9.34728.123
MinimumVisualStudioVersion = 10.0.40219.1
Project("{FAE04EC0-301F-11D3-BF4B-00C04F79EFBC}") = "SalaryEngine", "SalaryEngine\SalaryEngine.csproj", "{A204E85C-7215-4023-B878-3DCE52A74B4C}"
EndProject
Project("{FAE04EC0-301F-11D3-BF4B-00C04F79EFBC}") = "ApiGateway", "ApiGateway\ApiGateway.csproj", "{126CB359-DEF6-4AF7-805E-555E7D8A49E7}"
EndProject
Project("{FAE04EC0-301F-11D3-BF4B-00C04F79EFBC}") = "BackForFront", "BackForFront\BackForFront.csproj", "{3FE2A5DE-0535-4110-8BC9-D9E04924A8BF}"
EndProject
Project("{E24C65DC-7377-472B-9ABA-BC803B73C61A}") = "salary-engine-app", "ReactFrontApp\salary-engine-app\", "{399D3E78-C002-44ED-8794-5149FD81B216}"
	ProjectSection(WebsiteProperties) = preProject
		TargetFrameworkMoniker = ".NETFramework,Version%3Dv4.0"
		Debug.AspNetCompiler.VirtualPath = "/localhost_55434"
		Debug.AspNetCompiler.PhysicalPath = "ReactFrontApp\salary-engine-app\"
		Debug.AspNetCompiler.TargetPath = "PrecompiledWeb\localhost_55434\"
		Debug.AspNetCompiler.Updateable = "true"
		Debug.AspNetCompiler.ForceOverwrite = "true"
		Debug.AspNetCompiler.FixedNames = "false"
		Debug.AspNetCompiler.Debug = "True"
		Release.AspNetCompiler.VirtualPath = "/localhost_55434"
		Release.AspNetCompiler.PhysicalPath = "ReactFrontApp\salary-engine-app\"
		Release.AspNetCompiler.TargetPath = "PrecompiledWeb\localhost_55434\"
		Release.AspNetCompiler.Updateable = "true"
		Release.AspNetCompiler.ForceOverwrite = "true"
		Release.AspNetCompiler.FixedNames = "false"
		Release.AspNetCompiler.Debug = "False"
		VWDPort = "55434"
		SlnRelativePath = "ReactFrontApp\salary-engine-app\"
	EndProjectSection
EndProject
Global
	GlobalSection(SolutionConfigurationPlatforms) = preSolution
		Debug|Any CPU = Debug|Any CPU
		Release|Any CPU = Release|Any CPU
	EndGlobalSection
	GlobalSection(ProjectConfigurationPlatforms) = postSolution
		{A204E85C-7215-4023-B878-3DCE52A74B4C}.Debug|Any CPU.ActiveCfg = Debug|Any CPU
		{A204E85C-7215-4023-B878-3DCE52A74B4C}.Debug|Any CPU.Build.0 = Debug|Any CPU
		{A204E85C-7215-4023-B878-3DCE52A74B4C}.Release|Any CPU.ActiveCfg = Release|Any CPU
		{A204E85C-7215-4023-B878-3DCE52A74B4C}.Release|Any CPU.Build.0 = Release|Any CPU
		{126CB359-DEF6-4AF7-805E-555E7D8A49E7}.Debug|Any CPU.ActiveCfg = Debug|Any CPU
		{126CB359-DEF6-4AF7-805E-555E7D8A49E7}.Debug|Any CPU.Build.0 = Debug|Any CPU
		{126CB359-DEF6-4AF7-805E-555E7D8A49E7}.Release|Any CPU.ActiveCfg = Release|Any CPU
		{126CB359-DEF6-4AF7-805E-555E7D8A49E7}.Release|Any CPU.Build.0 = Release|Any CPU
		{3FE2A5DE-0535-4110-8BC9-D9E04924A8BF}.Debug|Any CPU.ActiveCfg = Debug|Any CPU
		{3FE2A5DE-0535-4110-8BC9-D9E04924A8BF}.Debug|Any CPU.Build.0 = Debug|Any CPU
		{3FE2A5DE-0535-4110-8BC9-D9E04924A8BF}.Release|Any CPU.ActiveCfg = Release|Any CPU
		{3FE2A5DE-0535-4110-8BC9-D9E04924A8BF}.Release|Any CPU.Build.0 = Release|Any CPU
		{399D3E78-C002-44ED-8794-5149FD81B216}.Debug|Any CPU.ActiveCfg = Debug|Any CPU
		{399D3E78-C002-44ED-8794-5149FD81B216}.Debug|Any CPU.Build.0 = Debug|Any CPU
		{399D3E78-C002-44ED-8794-5149FD81B216}.Release|Any CPU.ActiveCfg = Debug|Any CPU
		{399D3E78-C002-44ED-8794-5149FD81B216}.Release|Any CPU.Build.0 = Debug|Any CPU
	EndGlobalSection
	GlobalSection(SolutionProperties) = preSolution
		HideSolutionNode = FALSE
	EndGlobalSection
	GlobalSection(ExtensibilityGlobals) = postSolution
		SolutionGuid = {A37BF6D9-E485-42D8-BAE3-2FA66AA41AA7}
	EndGlobalSection
EndGlobal
